
Microsoft Visual Studio Solution File, Format Version 12.00
# Visual Studio Version 17
VisualStudioVersion = 17.2.32616.157
MinimumVisualStudioVersion = 10.0.40219.1
Project("{FAE04EC0-301F-11D3-BF4B-00C04F79EFBC}") = "ToDoApp.Web", "ToDoApp.Web\ToDoApp.Web.csproj", "{07B9D703-03A2-494D-9A37-6A16AA3FCDDE}"
EndProject
Global
	GlobalSection(SolutionConfigurationPlatforms) = preSolution
		Debug|Any CPU = Debug|Any CPU
		Release|Any CPU = Release|Any CPU
	EndGlobalSection
	GlobalSection(ProjectConfigurationPlatforms) = postSolution
		{07B9D703-03A2-494D-9A37-6A16AA3FCDDE}.Debug|Any CPU.ActiveCfg = Debug|Any CPU
		{07B9D703-03A2-494D-9A37-6A16AA3FCDDE}.Debug|Any CPU.Build.0 = Debug|Any CPU
		{07B9D703-03A2-494D-9A37-6A16AA3FCDDE}.Release|Any CPU.ActiveCfg = Release|Any CPU
		{07B9D703-03A2-494D-9A37-6A16AA3FCDDE}.Release|Any CPU.Build.0 = Release|Any CPU
	EndGlobalSection
	GlobalSection(SolutionProperties) = preSolution
		HideSolutionNode = FALSE
	EndGlobalSection
	GlobalSection(ExtensibilityGlobals) = postSolution
		SolutionGuid = {5BD69365-2DEC-4CD3-8807-4EA8A93F9847}
	EndGlobalSection
EndGlobal
